
Microsoft Visual Studio Solution File, Format Version 12.00
# Visual Studio Version 16
VisualStudioVersion = 16.0.31229.75
MinimumVisualStudioVersion = 10.0.40219.1
Project("{8BC9CEB8-8B4A-11D0-8D11-00A0C91BC942}") = "milestone2", "milestone2.vcxproj", "{CB3EF1FB-CB79-41DE-AAB0-2E44B8223214}"
EndProject
Global
	GlobalSection(SolutionConfigurationPlatforms) = preSolution
		Debug|x64 = Debug|x64
		Debug|x86 = Debug|x86
		Release|x64 = Release|x64
		Release|x86 = Release|x86
	EndGlobalSection
	GlobalSection(ProjectConfigurationPlatforms) = postSolution
		{CB3EF1FB-CB79-41DE-AAB0-2E44B8223214}.Debug|x64.ActiveCfg = Debug|x64
		{CB3EF1FB-CB79-41DE-AAB0-2E44B8223214}.Debug|x64.Build.0 = Debug|x64
		{CB3EF1FB-CB79-41DE-AAB0-2E44B8223214}.Debug|x86.ActiveCfg = Debug|Win32
		{CB3EF1FB-CB79-41DE-AAB0-2E44B8223214}.Debug|x86.Build.0 = Debug|Win32
		{CB3EF1FB-CB79-41DE-AAB0-2E44B8223214}.Release|x64.ActiveCfg = Release|x64
		{CB3EF1FB-CB79-41DE-AAB0-2E44B8223214}.Release|x64.Build.0 = Release|x64
		{CB3EF1FB-CB79-41DE-AAB0-2E44B8223214}.Release|x86.ActiveCfg = Release|Win32
		{CB3EF1FB-CB79-41DE-AAB0-2E44B8223214}.Release|x86.Build.0 = Release|Win32
	EndGlobalSection
	GlobalSection(SolutionProperties) = preSolution
		HideSolutionNode = FALSE
	EndGlobalSection
	GlobalSection(ExtensibilityGlobals) = postSolution
		SolutionGuid = {9780CE0F-FC3C-4E09-98A7-454C70C54B24}
	EndGlobalSection
EndGlobal
